// !$*UTF8*$!
{
	archiveVersion = 1;
	classes = {
	};
	objectVersion = 46;
	objects = {

/* Begin PBXBuildFile section */
		141FF5C31DDBA004003C9BAD /* main.m in Sources */ = {isa = PBXBuildFile; fileRef = 141FF5C21DDBA004003C9BAD /* main.m */; };
		141FF5C61DDBA004003C9BAD /* AppDelegate.m in Sources */ = {isa = PBXBuildFile; fileRef = 141FF5C51DDBA004003C9BAD /* AppDelegate.m */; };
		141FF5C91DDBA004003C9BAD /* MasterViewController.m in Sources */ = {isa = PBXBuildFile; fileRef = 141FF5C81DDBA004003C9BAD /* MasterViewController.m */; };
		141FF5CC1DDBA004003C9BAD /* DetailViewController.m in Sources */ = {isa = PBXBuildFile; fileRef = 141FF5CB1DDBA004003C9BAD /* DetailViewController.m */; };
		141FF5CF1DDBA004003C9BAD /* Main.storyboard in Resources */ = {isa = PBXBuildFile; fileRef = 141FF5CD1DDBA004003C9BAD /* Main.storyboard */; };
		141FF5D11DDBA004003C9BAD /* Assets.xcassets in Resources */ = {isa = PBXBuildFile; fileRef = 141FF5D01DDBA004003C9BAD /* Assets.xcassets */; };
		141FF5D41DDBA004003C9BAD /* LaunchScreen.storyboard in Resources */ = {isa = PBXBuildFile; fileRef = 141FF5D21DDBA004003C9BAD /* LaunchScreen.storyboard */; };
		141FF5DD1DDBA060003C9BAD /* ToDo.m in Sources */ = {isa = PBXBuildFile; fileRef = 141FF5DC1DDBA060003C9BAD /* ToDo.m */; };
		141FF5E51DDBA768003C9BAD /* ToDoTableViewCell.m in Sources */ = {isa = PBXBuildFile; fileRef = 141FF5E41DDBA768003C9BAD /* ToDoTableViewCell.m */; };
/* End PBXBuildFile section */

/* Begin PBXFileReference section */
		141FF5BE1DDBA004003C9BAD /* EveryDo.app */ = {isa = PBXFileReference; explicitFileType = wrapper.application; includeInIndex = 0; path = EveryDo.app; sourceTree = BUILT_PRODUCTS_DIR; };
		141FF5C21DDBA004003C9BAD /* main.m */ = {isa = PBXFileReference; lastKnownFileType = sourcecode.c.objc; path = main.m; sourceTree = "<group>"; };
		141FF5C41DDBA004003C9BAD /* AppDelegate.h */ = {isa = PBXFileReference; lastKnownFileType = sourcecode.c.h; path = AppDelegate.h; sourceTree = "<group>"; };
		141FF5C51DDBA004003C9BAD /* AppDelegate.m */ = {isa = PBXFileReference; lastKnownFileType = sourcecode.c.objc; path = AppDelegate.m; sourceTree = "<group>"; };
		141FF5C71DDBA004003C9BAD /* MasterViewController.h */ = {isa = PBXFileReference; lastKnownFileType = sourcecode.c.h; path = MasterViewController.h; sourceTree = "<group>"; };
		141FF5C81DDBA004003C9BAD /* MasterViewController.m */ = {isa = PBXFileReference; lastKnownFileType = sourcecode.c.objc; path = MasterViewController.m; sourceTree = "<group>"; };
		141FF5CA1DDBA004003C9BAD /* DetailViewController.h */ = {isa = PBXFileReference; lastKnownFileType = sourcecode.c.h; path = DetailViewController.h; sourceTree = "<group>"; };
		141FF5CB1DDBA004003C9BAD /* DetailViewController.m */ = {isa = PBXFileReference; lastKnownFileType = sourcecode.c.objc; path = DetailViewController.m; sourceTree = "<group>"; };
		141FF5CE1DDBA004003C9BAD /* Base */ = {isa = PBXFileReference; lastKnownFileType = file.storyboard; name = Base; path = Base.lproj/Main.storyboard; sourceTree = "<group>"; };
		141FF5D01DDBA004003C9BAD /* Assets.xcassets */ = {isa = PBXFileReference; lastKnownFileType = folder.assetcatalog; path = Assets.xcassets; sourceTree = "<group>"; };
		141FF5D31DDBA004003C9BAD /* Base */ = {isa = PBXFileReference; lastKnownFileType = file.storyboard; name = Base; path = Base.lproj/LaunchScreen.storyboard; sourceTree = "<group>"; };
		141FF5D51DDBA004003C9BAD /* Info.plist */ = {isa = PBXFileReference; lastKnownFileType = text.plist.xml; path = Info.plist; sourceTree = "<group>"; };
		141FF5DB1DDBA060003C9BAD /* ToDo.h */ = {isa = PBXFileReference; fileEncoding = 4; lastKnownFileType = sourcecode.c.h; path = ToDo.h; sourceTree = "<group>"; };
		141FF5DC1DDBA060003C9BAD /* ToDo.m */ = {isa = PBXFileReference; fileEncoding = 4; lastKnownFileType = sourcecode.c.objc; path = ToDo.m; sourceTree = "<group>"; };
		141FF5E31DDBA768003C9BAD /* ToDoTableViewCell.h */ = {isa = PBXFileReference; fileEncoding = 4; lastKnownFileType = sourcecode.c.h; path = ToDoTableViewCell.h; sourceTree = "<group>"; };
		141FF5E41DDBA768003C9BAD /* ToDoTableViewCell.m */ = {isa = PBXFileReference; fileEncoding = 4; lastKnownFileType = sourcecode.c.objc; path = ToDoTableViewCell.m; sourceTree = "<group>"; };
/* End PBXFileReference section */

/* Begin PBXFrameworksBuildPhase section */
		141FF5BB1DDBA004003C9BAD /* Frameworks */ = {
			isa = PBXFrameworksBuildPhase;
			buildActionMask = 2147483647;
			files = (
			);
			runOnlyForDeploymentPostprocessing = 0;
		};
/* End PBXFrameworksBuildPhase section */

/* Begin PBXGroup section */
		141FF5B51DDBA004003C9BAD = {
			isa = PBXGroup;
			children = (
				141FF5C01DDBA004003C9BAD /* EveryDo */,
				141FF5BF1DDBA004003C9BAD /* Products */,
			);
			sourceTree = "<group>";
		};
		141FF5BF1DDBA004003C9BAD /* Products */ = {
			isa = PBXGroup;
			children = (
				141FF5BE1DDBA004003C9BAD /* EveryDo.app */,
			);
			name = Products;
			sourceTree = "<group>";
		};
		141FF5C01DDBA004003C9BAD /* EveryDo */ = {
			isa = PBXGroup;
			children = (
				141FF5E21DDBA729003C9BAD /* View */,
				141FF5E11DDBA3F6003C9BAD /* UI */,
				141FF5E01DDBA3EE003C9BAD /* Controllers */,
				141FF5DE1DDBA3D2003C9BAD /* Models */,
				141FF5D01DDBA004003C9BAD /* Assets.xcassets */,
				141FF5D21DDBA004003C9BAD /* LaunchScreen.storyboard */,
				141FF5D51DDBA004003C9BAD /* Info.plist */,
				141FF5C11DDBA004003C9BAD /* Supporting Files */,
			);
			path = EveryDo;
			sourceTree = "<group>";
		};
		141FF5C11DDBA004003C9BAD /* Supporting Files */ = {
			isa = PBXGroup;
			children = (
				141FF5C21DDBA004003C9BAD /* main.m */,
			);
			name = "Supporting Files";
			sourceTree = "<group>";
		};
		141FF5DE1DDBA3D2003C9BAD /* Models */ = {
			isa = PBXGroup;
			children = (
				141FF5C41DDBA004003C9BAD /* AppDelegate.h */,
				141FF5C51DDBA004003C9BAD /* AppDelegate.m */,
				141FF5DB1DDBA060003C9BAD /* ToDo.h */,
				141FF5DC1DDBA060003C9BAD /* ToDo.m */,
			);
			name = Models;
			sourceTree = "<group>";
		};
		141FF5E01DDBA3EE003C9BAD /* Controllers */ = {
			isa = PBXGroup;
			children = (
				141FF5C71DDBA004003C9BAD /* MasterViewController.h */,
				141FF5C81DDBA004003C9BAD /* MasterViewController.m */,
				141FF5CA1DDBA004003C9BAD /* DetailViewController.h */,
				141FF5CB1DDBA004003C9BAD /* DetailViewController.m */,
			);
			name = Controllers;
			sourceTree = "<group>";
		};
		141FF5E11DDBA3F6003C9BAD /* UI */ = {
			isa = PBXGroup;
			children = (
				141FF5CD1DDBA004003C9BAD /* Main.storyboard */,
			);
			name = UI;
			sourceTree = "<group>";
		};
		141FF5E21DDBA729003C9BAD /* View */ = {
			isa = PBXGroup;
			children = (
				141FF5E31DDBA768003C9BAD /* ToDoTableViewCell.h */,
				141FF5E41DDBA768003C9BAD /* ToDoTableViewCell.m */,
			);
			name = View;
			sourceTree = "<group>";
		};
/* End PBXGroup section */

/* Begin PBXNativeTarget section */
		141FF5BD1DDBA004003C9BAD /* EveryDo */ = {
			isa = PBXNativeTarget;
			buildConfigurationList = 141FF5D81DDBA004003C9BAD /* Build configuration list for PBXNativeTarget "EveryDo" */;
			buildPhases = (
				141FF5BA1DDBA004003C9BAD /* Sources */,
				141FF5BB1DDBA004003C9BAD /* Frameworks */,
				141FF5BC1DDBA004003C9BAD /* Resources */,
			);
			buildRules = (
			);
			dependencies = (
			);
			name = EveryDo;
			productName = EveryDo;
			productReference = 141FF5BE1DDBA004003C9BAD /* EveryDo.app */;
			productType = "com.apple.product-type.application";
		};
/* End PBXNativeTarget section */

/* Begin PBXProject section */
		141FF5B61DDBA004003C9BAD /* Project object */ = {
			isa = PBXProject;
			attributes = {
				LastUpgradeCheck = 0810;
				ORGANIZATIONNAME = suvanr;
				TargetAttributes = {
					141FF5BD1DDBA004003C9BAD = {
						CreatedOnToolsVersion = 8.1;
						ProvisioningStyle = Automatic;
					};
				};
			};
			buildConfigurationList = 141FF5B91DDBA004003C9BAD /* Build configuration list for PBXProject "EveryDo" */;
			compatibilityVersion = "Xcode 3.2";
			developmentRegion = English;
			hasScannedForEncodings = 0;
			knownRegions = (
				en,
				Base,
			);
			mainGroup = 141FF5B51DDBA004003C9BAD;
			productRefGroup = 141FF5BF1DDBA004003C9BAD /* Products */;
			projectDirPath = "";
			projectRoot = "";
			targets = (
				141FF5BD1DDBA004003C9BAD /* EveryDo */,
			);
		};
/* End PBXProject section */

/* Begin PBXResourcesBuildPhase section */
		141FF5BC1DDBA004003C9BAD /* Resources */ = {
			isa = PBXResourcesBuildPhase;
			buildActionMask = 2147483647;
			files = (
				141FF5D41DDBA004003C9BAD /* LaunchScreen.storyboard in Resources */,
				141FF5D11DDBA004003C9BAD /* Assets.xcassets in Resources */,
				141FF5CF1DDBA004003C9BAD /* Main.storyboard in Resources */,
			);
			runOnlyForDeploymentPostprocessing = 0;
		};
/* End PBXResourcesBuildPhase section */

/* Begin PBXSourcesBuildPhase section */
		141FF5BA1DDBA004003C9BAD /* Sources */ = {
			isa = PBXSourcesBuildPhase;
			buildActionMask = 2147483647;
			files = (
				141FF5DD1DDBA060003C9BAD /* ToDo.m in Sources */,
				141FF5C61DDBA004003C9BAD /* AppDelegate.m in Sources */,
				141FF5C91DDBA004003C9BAD /* MasterViewController.m in Sources */,
				141FF5E51DDBA768003C9BAD /* ToDoTableViewCell.m in Sources */,
				141FF5C31DDBA004003C9BAD /* main.m in Sources */,
				141FF5CC1DDBA004003C9BAD /* DetailViewController.m in Sources */,
			);
			runOnlyForDeploymentPostprocessing = 0;
		};
/* End PBXSourcesBuildPhase section */

/* Begin PBXVariantGroup section */
		141FF5CD1DDBA004003C9BAD /* Main.storyboard */ = {
			isa = PBXVariantGroup;
			children = (
				141FF5CE1DDBA004003C9BAD /* Base */,
			);
			name = Main.storyboard;
			sourceTree = "<group>";
		};
		141FF5D21DDBA004003C9BAD /* LaunchScreen.storyboard */ = {
			isa = PBXVariantGroup;
			children = (
				141FF5D31DDBA004003C9BAD /* Base */,
			);
			name = LaunchScreen.storyboard;
			sourceTree = "<group>";
		};
/* End PBXVariantGroup section */

/* Begin XCBuildConfiguration section */
		141FF5D61DDBA004003C9BAD /* Debug */ = {
			isa = XCBuildConfiguration;
			buildSettings = {
				ALWAYS_SEARCH_USER_PATHS = NO;
				CLANG_ANALYZER_NONNULL = YES;
				CLANG_CXX_LANGUAGE_STANDARD = "gnu++0x";
				CLANG_CXX_LIBRARY = "libc++";
				CLANG_ENABLE_MODULES = YES;
				CLANG_ENABLE_OBJC_ARC = YES;
				CLANG_WARN_BOOL_CONVERSION = YES;
				CLANG_WARN_CONSTANT_CONVERSION = YES;
				CLANG_WARN_DIRECT_OBJC_ISA_USAGE = YES_ERROR;
				CLANG_WARN_DOCUMENTATION_COMMENTS = YES;
				CLANG_WARN_EMPTY_BODY = YES;
				CLANG_WARN_ENUM_CONVERSION = YES;
				CLANG_WARN_INFINITE_RECURSION = YES;
				CLANG_WARN_INT_CONVERSION = YES;
				CLANG_WARN_OBJC_ROOT_CLASS = YES_ERROR;
				CLANG_WARN_SUSPICIOUS_MOVES = YES;
				CLANG_WARN_UNREACHABLE_CODE = YES;
				CLANG_WARN__DUPLICATE_METHOD_MATCH = YES;
				"CODE_SIGN_IDENTITY[sdk=iphoneos*]" = "iPhone Developer";
				COPY_PHASE_STRIP = NO;
				DEBUG_INFORMATION_FORMAT = dwarf;
				ENABLE_STRICT_OBJC_MSGSEND = YES;
				ENABLE_TESTABILITY = YES;
				GCC_C_LANGUAGE_STANDARD = gnu99;
				GCC_DYNAMIC_NO_PIC = NO;
				GCC_NO_COMMON_BLOCKS = YES;
				GCC_OPTIMIZATION_LEVEL = 0;
				GCC_PREPROCESSOR_DEFINITIONS = (
					"DEBUG=1",
					"$(inherited)",
				);
				GCC_WARN_64_TO_32_BIT_CONVERSION = YES;
				GCC_WARN_ABOUT_RETURN_TYPE = YES_ERROR;
				GCC_WARN_UNDECLARED_SELECTOR = YES;
				GCC_WARN_UNINITIALIZED_AUTOS = YES_AGGRESSIVE;
				GCC_WARN_UNUSED_FUNCTION = YES;
				GCC_WARN_UNUSED_VARIABLE = YES;
				IPHONEOS_DEPLOYMENT_TARGET = 10.1;
				MTL_ENABLE_DEBUG_INFO = YES;
				ONLY_ACTIVE_ARCH = YES;
				SDKROOT = iphoneos;
			};
			name = Debug;
		};
		141FF5D71DDBA004003C9BAD /* Release */ = {
			isa = XCBuildConfiguration;
			buildSettings = {
				ALWAYS_SEARCH_USER_PATHS = NO;
				CLANG_ANALYZER_NONNULL = YES;
				CLANG_CXX_LANGUAGE_STANDARD = "gnu++0x";
				CLANG_CXX_LIBRARY = "libc++";
				CLANG_ENABLE_MODULES = YES;
				CLANG_ENABLE_OBJC_ARC = YES;
				CLANG_WARN_BOOL_CONVERSION = YES;
				CLANG_WARN_CONSTANT_CONVERSION = YES;
				CLANG_WARN_DIRECT_OBJC_ISA_USAGE = YES_ERROR;
				CLANG_WARN_DOCUMENTATION_COMMENTS = YES;
				CLANG_WARN_EMPTY_BODY = YES;
				CLANG_WARN_ENUM_CONVERSION = YES;
				CLANG_WARN_INFINITE_RECURSION = YES;
				CLANG_WARN_INT_CONVERSION = YES;
				CLANG_WARN_OBJC_ROOT_CLASS = YES_ERROR;
				CLANG_WARN_SUSPICIOUS_MOVES = YES;
				CLANG_WARN_UNREACHABLE_CODE = YES;
				CLANG_WARN__DUPLICATE_METHOD_MATCH = YES;
				"CODE_SIGN_IDENTITY[sdk=iphoneos*]" = "iPhone Developer";
				COPY_PHASE_STRIP = NO;
				DEBUG_INFORMATION_FORMAT = "dwarf-with-dsym";
				ENABLE_NS_ASSERTIONS = NO;
				ENABLE_STRICT_OBJC_MSGSEND = YES;
				GCC_C_LANGUAGE_STANDARD = gnu99;
				GCC_NO_COMMON_BLOCKS = YES;
				GCC_WARN_64_TO_32_BIT_CONVERSION = YES;
				GCC_WARN_ABOUT_RETURN_TYPE = YES_ERROR;
				GCC_WARN_UNDECLARED_SELECTOR = YES;
				GCC_WARN_UNINITIALIZED_AUTOS = YES_AGGRESSIVE;
				GCC_WARN_UNUSED_FUNCTION = YES;
				GCC_WARN_UNUSED_VARIABLE = YES;
				IPHONEOS_DEPLOYMENT_TARGET = 10.1;
				MTL_ENABLE_DEBUG_INFO = NO;
				SDKROOT = iphoneos;
				VALIDATE_PRODUCT = YES;
			};
			name = Release;
		};
		141FF5D91DDBA004003C9BAD /* Debug */ = {
			isa = XCBuildConfiguration;
			buildSettings = {
				ASSETCATALOG_COMPILER_APPICON_NAME = AppIcon;
				INFOPLIST_FILE = EveryDo/Info.plist;
				LD_RUNPATH_SEARCH_PATHS = "$(inherited) @executable_path/Frameworks";
				PRODUCT_BUNDLE_IDENTIFIER = com.suvanr.EveryDo;
				PRODUCT_NAME = "$(TARGET_NAME)";
				TARGETED_DEVICE_FAMILY = "1,2";
			};
			name = Debug;
		};
		141FF5DA1DDBA004003C9BAD /* Release */ = {
			isa = XCBuildConfiguration;
			buildSettings = {
				ASSETCATALOG_COMPILER_APPICON_NAME = AppIcon;
				INFOPLIST_FILE = EveryDo/Info.plist;
				LD_RUNPATH_SEARCH_PATHS = "$(inherited) @executable_path/Frameworks";
				PRODUCT_BUNDLE_IDENTIFIER = com.suvanr.EveryDo;
				PRODUCT_NAME = "$(TARGET_NAME)";
				TARGETED_DEVICE_FAMILY = "1,2";
			};
			name = Release;
		};
/* End XCBuildConfiguration section */

/* Begin XCConfigurationList section */
		141FF5B91DDBA004003C9BAD /* Build configuration list for PBXProject "EveryDo" */ = {
			isa = XCConfigurationList;
			buildConfigurations = (
				141FF5D61DDBA004003C9BAD /* Debug */,
				141FF5D71DDBA004003C9BAD /* Release */,
			);
			defaultConfigurationIsVisible = 0;
			defaultConfigurationName = Release;
		};
		141FF5D81DDBA004003C9BAD /* Build configuration list for PBXNativeTarget "EveryDo" */ = {
			isa = XCConfigurationList;
			buildConfigurations = (
				141FF5D91DDBA004003C9BAD /* Debug */,
				141FF5DA1DDBA004003C9BAD /* Release */,
			);
			defaultConfigurationIsVisible = 0;
		};
/* End XCConfigurationList section */
	};
	rootObject = 141FF5B61DDBA004003C9BAD /* Project object */;
}
